%{
  "cowboy": {:hex, :cowboy, "2.13.0", "09d770dd5f6a22cc60c071f432cd7cb87776164527f205c5a6b0f24ff6b38990", [:make, :rebar3], [{:cowlib, ">= 2.14.0 and < 3.0.0", [hex: :cowlib, repo: "hexpm", optional: false]}, {:ranch, ">= 1.8.0 and < 3.0.0", [hex: :ranch, repo: "hexpm", optional: false]}], "hexpm", "e724d3a70995025d654c1992c7b11dbfea95205c047d86ff9bf1cda92ddc5614"},
  "cowlib": {:hex, :cowlib, "2.14.0", "623791c56c1cc9df54a71a9c55147a401549917f00a2e48a6ae12b812c586ced", [:make, :rebar3], [], "hexpm", "0af652d1550c8411c3b58eed7a035a7fb088c0b86aff6bc504b0bc3b7f791aa2"},
  "earmark_parser": {:hex, :earmark_parser, "1.4.43", "34b2f401fe473080e39ff2b90feb8ddfeef7639f8ee0bbf71bb41911831d77c5", [:mix], [], "hexpm", "970a3cd19503f5e8e527a190662be2cee5d98eed1ff72ed9b3d1a3d466692de8"},
  "ex_doc": {:hex, :ex_doc, "0.29.4", "6257ecbb20c7396b1fe5accd55b7b0d23f44b6aa18017b415cb4c2b91d997729", [:mix], [{:earmark_parser, "~> 1.4.31", [hex: :earmark_parser, repo: "hexpm", optional: false]}, {:makeup_elixir, "~> 0.14", [hex: :makeup_elixir, repo: "hexpm", optional: false]}, {:makeup_erlang, "~> 0.1", [hex: :makeup_erlang, repo: "hexpm", optional: false]}], "hexpm", "2c6699a737ae46cb61e4ed012af931b57b699643b24dabe2400a8168414bc4f5"},
  "kvs": {:hex, :kvs, "11.9.1", "e557f47ce25ebe21de95db55cd4bbb956d2889c11dce6a72bc5914bde0be7a56", [:mix], [], "hexpm", "8678f2222a4dbb7d84d1f50aee9f76d7255ad12efcadd8f66e6c5674e764417e"},
  "makeup": {:hex, :makeup, "1.2.1", "e90ac1c65589ef354378def3ba19d401e739ee7ee06fb47f94c687016e3713d1", [:mix], [{:nimble_parsec, "~> 1.4", [hex: :nimble_parsec, repo: "hexpm", optional: false]}], "hexpm", "d36484867b0bae0fea568d10131197a4c2e47056a6fbe84922bf6ba71c8d17ce"},
  "makeup_elixir": {:hex, :makeup_elixir, "0.16.2", "627e84b8e8bf22e60a2579dad15067c755531fea049ae26ef1020cad58fe9578", [:mix], [{:makeup, "~> 1.0", [hex: :makeup, repo: "hexpm", optional: false]}, {:nimble_parsec, "~> 1.2.3 or ~> 1.3", [hex: :nimble_parsec, repo: "hexpm", optional: false]}], "hexpm", "41193978704763f6bbe6cc2758b84909e62984c7752b3784bd3c218bb341706b"},
  "makeup_erlang": {:hex, :makeup_erlang, "0.1.5", "e0ff5a7c708dda34311f7522a8758e23bfcd7d8d8068dc312b5eb41c6fd76eba", [:mix], [{:makeup, "~> 1.0", [hex: :makeup, repo: "hexpm", optional: false]}], "hexpm", "94d2e986428585a21516d7d7149781480013c56e30c6a233534bedf38867a59a"},
  "n2o": {:hex, :n2o, "11.9.6", "370ee71e8b842160e32db355ae71a96d77b6f101985492b14fcb4121aef5f812", [:mix, :rebar3], [], "hexpm", "9344306a64f357c6ed92e537e87f7fb1c9e5314d2b81e83532bdcaa50956fd0e"},
  "nimble_parsec": {:hex, :nimble_parsec, "1.4.2", "8efba0122db06df95bfaa78f791344a89352ba04baedd3849593bfce4d0dc1c6", [:mix], [], "hexpm", "4b21398942dda052b403bbe1da991ccd03a053668d147d53fb8c4e0efe09c973"},
  "nitro": {:hex, :nitro, "9.9.6", "02361c9967b8220a2e971035bb718ad495df16219dcdc02f4ad36c09d59c34bc", [:mix, :rebar3], [], "hexpm", "5f88749ebe0c28db30727b30c5cdc850373f0cdee86ef8f0b7ef590a06cdcda1"},
  "ranch": {:hex, :ranch, "2.2.0", "25528f82bc8d7c6152c57666ca99ec716510fe0925cb188172f41ce93117b1b0", [:make, :rebar3], [], "hexpm", "fa0b99a1780c80218a4197a59ea8d3bdae32fbff7e88527d7d8a4787eff4f8e7"},
  "rocksdb": {:hex, :rocksdb, "1.9.0", "289da8ac16bf5585bacb9f96240aec05c5afad8e6df99a759f93e5cdcc07e5ec", [:rebar3], [], "hexpm", "7290b40d4cd5f44e55dedbaf2ea090c65535ef2dc5397ed218ae4eec70aa2ac5"},
  "syn": {:hex, :syn, "2.1.4", "eb364291b18cbe09212c5b6a26b4a652957d45a82d88411a806417294bacb232", [:rebar3], [], "hexpm", "7f37b53060746d7e4455cbcba92c06cb17ba6e294b9b55c0764f567bda218494"},
}
